
Microsoft Visual Studio Solution File, Format Version 12.00
# Visual Studio Version 16
VisualStudioVersion = 16.0.31729.503
MinimumVisualStudioVersion = 10.0.40219.1
Project("{FAE04EC0-301F-11D3-BF4B-00C04F79EFBC}") = "Dolgnost", "Dolgnost\Dolgnost.csproj", "{C57D72F9-ACFB-48FB-847C-3E71D30C91F7}"
EndProject
Global
	GlobalSection(SolutionConfigurationPlatforms) = preSolution
		Debug|Any CPU = Debug|Any CPU
		Release|Any CPU = Release|Any CPU
	EndGlobalSection
	GlobalSection(ProjectConfigurationPlatforms) = postSolution
		{C57D72F9-ACFB-48FB-847C-3E71D30C91F7}.Debug|Any CPU.ActiveCfg = Debug|Any CPU
		{C57D72F9-ACFB-48FB-847C-3E71D30C91F7}.Debug|Any CPU.Build.0 = Debug|Any CPU
		{C57D72F9-ACFB-48FB-847C-3E71D30C91F7}.Release|Any CPU.ActiveCfg = Release|Any CPU
		{C57D72F9-ACFB-48FB-847C-3E71D30C91F7}.Release|Any CPU.Build.0 = Release|Any CPU
	EndGlobalSection
	GlobalSection(SolutionProperties) = preSolution
		HideSolutionNode = FALSE
	EndGlobalSection
	GlobalSection(ExtensibilityGlobals) = postSolution
		SolutionGuid = {A75F1D8B-F3B1-45BB-914E-E9F065F09811}
	EndGlobalSection
EndGlobal
