
Microsoft Visual Studio Solution File, Format Version 12.00
# Visual Studio Version 16
VisualStudioVersion = 16.0.31105.61
MinimumVisualStudioVersion = 10.0.40219.1
Project("{FAE04EC0-301F-11D3-BF4B-00C04F79EFBC}") = "Calculator", "Calculator.csproj", "{DF9EA199-BB01-41D3-8686-D55E0E2EB9F6}"
EndProject
Global
	GlobalSection(SolutionConfigurationPlatforms) = preSolution
		Debug|Any CPU = Debug|Any CPU
		Release|Any CPU = Release|Any CPU
	EndGlobalSection
	GlobalSection(ProjectConfigurationPlatforms) = postSolution
		{DF9EA199-BB01-41D3-8686-D55E0E2EB9F6}.Debug|Any CPU.ActiveCfg = Debug|Any CPU
		{DF9EA199-BB01-41D3-8686-D55E0E2EB9F6}.Debug|Any CPU.Build.0 = Debug|Any CPU
		{DF9EA199-BB01-41D3-8686-D55E0E2EB9F6}.Release|Any CPU.ActiveCfg = Release|Any CPU
		{DF9EA199-BB01-41D3-8686-D55E0E2EB9F6}.Release|Any CPU.Build.0 = Release|Any CPU
	EndGlobalSection
	GlobalSection(SolutionProperties) = preSolution
		HideSolutionNode = FALSE
	EndGlobalSection
	GlobalSection(ExtensibilityGlobals) = postSolution
		SolutionGuid = {27040EF0-A18D-4EB7-B370-17182DBAF84C}
	EndGlobalSection
EndGlobal
