
Microsoft Visual Studio Solution File, Format Version 12.00
# Visual Studio Version 16
VisualStudioVersion = 16.0.31729.503
MinimumVisualStudioVersion = 10.0.40219.1
Project("{FAE04EC0-301F-11D3-BF4B-00C04F79EFBC}") = "BMR", "BMR\BMR.csproj", "{1A26ABB1-1DC1-4805-8A7C-3C75DE639BAB}"
EndProject
Global
	GlobalSection(SolutionConfigurationPlatforms) = preSolution
		Debug|Any CPU = Debug|Any CPU
		Release|Any CPU = Release|Any CPU
	EndGlobalSection
	GlobalSection(ProjectConfigurationPlatforms) = postSolution
		{1A26ABB1-1DC1-4805-8A7C-3C75DE639BAB}.Debug|Any CPU.ActiveCfg = Debug|Any CPU
		{1A26ABB1-1DC1-4805-8A7C-3C75DE639BAB}.Debug|Any CPU.Build.0 = Debug|Any CPU
		{1A26ABB1-1DC1-4805-8A7C-3C75DE639BAB}.Release|Any CPU.ActiveCfg = Release|Any CPU
		{1A26ABB1-1DC1-4805-8A7C-3C75DE639BAB}.Release|Any CPU.Build.0 = Release|Any CPU
	EndGlobalSection
	GlobalSection(SolutionProperties) = preSolution
		HideSolutionNode = FALSE
	EndGlobalSection
	GlobalSection(ExtensibilityGlobals) = postSolution
		SolutionGuid = {C4525A1A-BA46-405B-9943-2FE35643FD3F}
	EndGlobalSection
EndGlobal
