
Microsoft Visual Studio Solution File, Format Version 12.00
# Visual Studio Version 16
VisualStudioVersion = 16.0.31105.61
MinimumVisualStudioVersion = 10.0.40219.1
Project("{FAE04EC0-301F-11D3-BF4B-00C04F79EFBC}") = "zadacha16", "zadacha16\zadacha16.csproj", "{9F5BC120-7D91-4D78-8120-54C3EDEC7D71}"
EndProject
Global
	GlobalSection(SolutionConfigurationPlatforms) = preSolution
		Debug|Any CPU = Debug|Any CPU
		Release|Any CPU = Release|Any CPU
	EndGlobalSection
	GlobalSection(ProjectConfigurationPlatforms) = postSolution
		{9F5BC120-7D91-4D78-8120-54C3EDEC7D71}.Debug|Any CPU.ActiveCfg = Debug|Any CPU
		{9F5BC120-7D91-4D78-8120-54C3EDEC7D71}.Debug|Any CPU.Build.0 = Debug|Any CPU
		{9F5BC120-7D91-4D78-8120-54C3EDEC7D71}.Release|Any CPU.ActiveCfg = Release|Any CPU
		{9F5BC120-7D91-4D78-8120-54C3EDEC7D71}.Release|Any CPU.Build.0 = Release|Any CPU
	EndGlobalSection
	GlobalSection(SolutionProperties) = preSolution
		HideSolutionNode = FALSE
	EndGlobalSection
	GlobalSection(ExtensibilityGlobals) = postSolution
		SolutionGuid = {1414EBF4-4F8E-46EC-AAEE-4459BFE2FC94}
	EndGlobalSection
EndGlobal
