
Microsoft Visual Studio Solution File, Format Version 12.00
# Visual Studio Version 16
VisualStudioVersion = 16.0.31105.61
MinimumVisualStudioVersion = 10.0.40219.1
Project("{FAE04EC0-301F-11D3-BF4B-00C04F79EFBC}") = "Выбор группы", "Выбор группы\Выбор группы.csproj", "{9EE52124-89DE-4C98-B1B6-A8CEDD3ACB8C}"
EndProject
Global
	GlobalSection(SolutionConfigurationPlatforms) = preSolution
		Debug|Any CPU = Debug|Any CPU
		Release|Any CPU = Release|Any CPU
	EndGlobalSection
	GlobalSection(ProjectConfigurationPlatforms) = postSolution
		{9EE52124-89DE-4C98-B1B6-A8CEDD3ACB8C}.Debug|Any CPU.ActiveCfg = Debug|Any CPU
		{9EE52124-89DE-4C98-B1B6-A8CEDD3ACB8C}.Debug|Any CPU.Build.0 = Debug|Any CPU
		{9EE52124-89DE-4C98-B1B6-A8CEDD3ACB8C}.Release|Any CPU.ActiveCfg = Release|Any CPU
		{9EE52124-89DE-4C98-B1B6-A8CEDD3ACB8C}.Release|Any CPU.Build.0 = Release|Any CPU
	EndGlobalSection
	GlobalSection(SolutionProperties) = preSolution
		HideSolutionNode = FALSE
	EndGlobalSection
	GlobalSection(ExtensibilityGlobals) = postSolution
		SolutionGuid = {687C1CC7-FD3A-422A-8253-8DF39C379AA2}
	EndGlobalSection
EndGlobal
